
Microsoft Visual Studio Solution File, Format Version 12.00
Project("{FAE04EC0-301F-11D3-BF4B-00C04F79EFBC}") = "Biblioteca-WebApp", "Biblioteca-WebApp.csproj", "{347D3B85-7014-4895-81E4-FFC2F1B4381C}"
EndProject
Global
	GlobalSection(SolutionConfigurationPlatforms) = preSolution
		Debug|Any CPU = Debug|Any CPU
		Release|Any CPU = Release|Any CPU
	EndGlobalSection
	GlobalSection(ProjectConfigurationPlatforms) = postSolution
		{347D3B85-7014-4895-81E4-FFC2F1B4381C}.Debug|Any CPU.ActiveCfg = Debug|Any CPU
		{347D3B85-7014-4895-81E4-FFC2F1B4381C}.Debug|Any CPU.Build.0 = Debug|Any CPU
		{347D3B85-7014-4895-81E4-FFC2F1B4381C}.Release|Any CPU.ActiveCfg = Release|Any CPU
		{347D3B85-7014-4895-81E4-FFC2F1B4381C}.Release|Any CPU.Build.0 = Release|Any CPU
	EndGlobalSection
EndGlobal
